
Microsoft Visual Studio Solution File, Format Version 12.00
# Visual Studio Version 16
VisualStudioVersion = 16.0.30717.126
MinimumVisualStudioVersion = 10.0.40219.1
Project("{8BC9CEB8-8B4A-11D0-8D11-00A0C91BC942}") = "HuffmanText1", "HuffmanText1.vcxproj", "{17EC75D8-673D-42C9-80FC-2652D0CBED02}"
EndProject
Global
	GlobalSection(SolutionConfigurationPlatforms) = preSolution
		Debug|x64 = Debug|x64
		Debug|x86 = Debug|x86
		Release|x64 = Release|x64
		Release|x86 = Release|x86
	EndGlobalSection
	GlobalSection(ProjectConfigurationPlatforms) = postSolution
		{17EC75D8-673D-42C9-80FC-2652D0CBED02}.Debug|x64.ActiveCfg = Debug|x64
		{17EC75D8-673D-42C9-80FC-2652D0CBED02}.Debug|x64.Build.0 = Debug|x64
		{17EC75D8-673D-42C9-80FC-2652D0CBED02}.Debug|x86.ActiveCfg = Debug|Win32
		{17EC75D8-673D-42C9-80FC-2652D0CBED02}.Debug|x86.Build.0 = Debug|Win32
		{17EC75D8-673D-42C9-80FC-2652D0CBED02}.Release|x64.ActiveCfg = Release|x64
		{17EC75D8-673D-42C9-80FC-2652D0CBED02}.Release|x64.Build.0 = Release|x64
		{17EC75D8-673D-42C9-80FC-2652D0CBED02}.Release|x86.ActiveCfg = Release|Win32
		{17EC75D8-673D-42C9-80FC-2652D0CBED02}.Release|x86.Build.0 = Release|Win32
	EndGlobalSection
	GlobalSection(SolutionProperties) = preSolution
		HideSolutionNode = FALSE
	EndGlobalSection
	GlobalSection(ExtensibilityGlobals) = postSolution
		SolutionGuid = {36B87E63-041B-45C1-91E3-2A49F10DEFB1}
	EndGlobalSection
EndGlobal
